
Microsoft Visual Studio Solution File, Format Version 12.00
# Visual Studio Version 17
VisualStudioVersion = 17.5.33502.453
MinimumVisualStudioVersion = 10.0.40219.1
Project("{9A19103F-16F7-4668-BE54-9A1E7A4F7556}") = "ST10178981 Thabang Mokgonyana PROG6221 POE", "ST10178981 Thabang Mokgonyana PROG6221 POE.csproj", "{9EFE25FC-E74F-4070-9DFE-54115B92ABF5}"
EndProject
Project("{FAE04EC0-301F-11D3-BF4B-00C04F79EFBC}") = "Thabang Mokgonyana ST10178981 PROG6221 Final POE", "..\Thabang Mokgonyana ST10178981 PROG6221 Final POE\Thabang Mokgonyana ST10178981 PROG6221 Final POE.csproj", "{CDA41143-5D07-40B3-AC17-3D97D57B9D3D}"
EndProject
Global
	GlobalSection(SolutionConfigurationPlatforms) = preSolution
		Debug|Any CPU = Debug|Any CPU
		Release|Any CPU = Release|Any CPU
	EndGlobalSection
	GlobalSection(ProjectConfigurationPlatforms) = postSolution
		{9EFE25FC-E74F-4070-9DFE-54115B92ABF5}.Debug|Any CPU.ActiveCfg = Debug|Any CPU
		{9EFE25FC-E74F-4070-9DFE-54115B92ABF5}.Debug|Any CPU.Build.0 = Debug|Any CPU
		{9EFE25FC-E74F-4070-9DFE-54115B92ABF5}.Release|Any CPU.ActiveCfg = Release|Any CPU
		{9EFE25FC-E74F-4070-9DFE-54115B92ABF5}.Release|Any CPU.Build.0 = Release|Any CPU
		{CDA41143-5D07-40B3-AC17-3D97D57B9D3D}.Debug|Any CPU.ActiveCfg = Debug|Any CPU
		{CDA41143-5D07-40B3-AC17-3D97D57B9D3D}.Debug|Any CPU.Build.0 = Debug|Any CPU
		{CDA41143-5D07-40B3-AC17-3D97D57B9D3D}.Release|Any CPU.ActiveCfg = Release|Any CPU
		{CDA41143-5D07-40B3-AC17-3D97D57B9D3D}.Release|Any CPU.Build.0 = Release|Any CPU
	EndGlobalSection
	GlobalSection(SolutionProperties) = preSolution
		HideSolutionNode = FALSE
	EndGlobalSection
	GlobalSection(ExtensibilityGlobals) = postSolution
		SolutionGuid = {173AB08E-39ED-4F0B-A8C4-696046FA0351}
	EndGlobalSection
EndGlobal
